
Microsoft Visual Studio Solution File, Format Version 12.00
# Visual Studio Version 17
VisualStudioVersion = 17.9.34728.123
MinimumVisualStudioVersion = 10.0.40219.1
Project("{FAE04EC0-301F-11D3-BF4B-00C04F79EFBC}") = "Municipality", "Municipality.csproj", "{B0D7A8D3-99E2-4381-BD37-D619A34B1725}"
EndProject
Global
	GlobalSection(SolutionConfigurationPlatforms) = preSolution
		Debug|Any CPU = Debug|Any CPU
		Release|Any CPU = Release|Any CPU
	EndGlobalSection
	GlobalSection(ProjectConfigurationPlatforms) = postSolution
		{B0D7A8D3-99E2-4381-BD37-D619A34B1725}.Debug|Any CPU.ActiveCfg = Debug|Any CPU
		{B0D7A8D3-99E2-4381-BD37-D619A34B1725}.Debug|Any CPU.Build.0 = Debug|Any CPU
		{B0D7A8D3-99E2-4381-BD37-D619A34B1725}.Release|Any CPU.ActiveCfg = Release|Any CPU
		{B0D7A8D3-99E2-4381-BD37-D619A34B1725}.Release|Any CPU.Build.0 = Release|Any CPU
	EndGlobalSection
	GlobalSection(SolutionProperties) = preSolution
		HideSolutionNode = FALSE
	EndGlobalSection
	GlobalSection(ExtensibilityGlobals) = postSolution
		SolutionGuid = {3A4419F2-5625-4C35-8D7A-243E6D939D42}
	EndGlobalSection
EndGlobal
